
Microsoft Visual Studio Solution File, Format Version 12.00
# Visual Studio 15
VisualStudioVersion = 15.0.28307.1062
MinimumVisualStudioVersion = 10.0.40219.1
Project("{FAE04EC0-301F-11D3-BF4B-00C04F79EFBC}") = "SeleniumDemoDocker", "SeleniumDemoDocker\SeleniumDemoDocker.csproj", "{0DCD341E-779B-41D1-8839-0C928D041356}"
EndProject
Project("{2150E333-8FDC-42A3-9474-1A3956D46DE8}") = "Solution Items", "Solution Items", "{E0EF580F-FAF6-4CDD-99B3-1F283C39DA1F}"
	ProjectSection(SolutionItems) = preProject
		..\OESAutoNetCore\OESAutoNetCore\HTMLReport1.cs = ..\OESAutoNetCore\OESAutoNetCore\HTMLReport1.cs
	EndProjectSection
EndProject
Global
	GlobalSection(SolutionConfigurationPlatforms) = preSolution
		Debug|Any CPU = Debug|Any CPU
		Release|Any CPU = Release|Any CPU
	EndGlobalSection
	GlobalSection(ProjectConfigurationPlatforms) = postSolution
		{0DCD341E-779B-41D1-8839-0C928D041356}.Debug|Any CPU.ActiveCfg = Debug|Any CPU
		{0DCD341E-779B-41D1-8839-0C928D041356}.Debug|Any CPU.Build.0 = Debug|Any CPU
		{0DCD341E-779B-41D1-8839-0C928D041356}.Release|Any CPU.ActiveCfg = Release|Any CPU
		{0DCD341E-779B-41D1-8839-0C928D041356}.Release|Any CPU.Build.0 = Release|Any CPU
	EndGlobalSection
	GlobalSection(SolutionProperties) = preSolution
		HideSolutionNode = FALSE
	EndGlobalSection
	GlobalSection(ExtensibilityGlobals) = postSolution
		SolutionGuid = {B22F9181-BE62-4310-B3E1-2676282C610C}
	EndGlobalSection
EndGlobal
